
Microsoft Visual Studio Solution File, Format Version 12.00
# Visual Studio 15
VisualStudioVersion = 15.0.28307.645
MinimumVisualStudioVersion = 10.0.40219.1
Project("{888888A0-9F3D-457C-B088-3A5042F75D52}") = "iTawami", "iTawami\iTawami.pyproj", "{4E88D777-40C3-4653-B1F7-F95A8B72799C}"
EndProject
Global
	GlobalSection(SolutionConfigurationPlatforms) = preSolution
		Debug|Any CPU = Debug|Any CPU
		Release|Any CPU = Release|Any CPU
	EndGlobalSection
	GlobalSection(ProjectConfigurationPlatforms) = postSolution
		{4E88D777-40C3-4653-B1F7-F95A8B72799C}.Debug|Any CPU.ActiveCfg = Debug|Any CPU
		{4E88D777-40C3-4653-B1F7-F95A8B72799C}.Release|Any CPU.ActiveCfg = Release|Any CPU
	EndGlobalSection
	GlobalSection(SolutionProperties) = preSolution
		HideSolutionNode = FALSE
	EndGlobalSection
	GlobalSection(ExtensibilityGlobals) = postSolution
		SolutionGuid = {F1BFE584-B045-4252-BFB5-A84697007ABF}
	EndGlobalSection
EndGlobal
